// !$*UTF8*$!
{
	archiveVersion = 1;
	classes = {
	};
	objectVersion = 56;
	objects = {

/* Begin PBXBuildFile section */
		775EA7592C7F8873003E3B39 /* UINavigationController.swift in Sources */ = {isa = PBXBuildFile; fileRef = 775EA7582C7F8873003E3B39 /* UINavigationController.swift */; };
		8B136A282C7F44D30080403E /* ErrorView.swift in Sources */ = {isa = PBXBuildFile; fileRef = 8B136A272C7F44D30080403E /* ErrorView.swift */; };
		8B136A332C7F62D20080403E /* CastListItem.swift in Sources */ = {isa = PBXBuildFile; fileRef = 8B136A292C7F62D20080403E /* CastListItem.swift */; };
		8B136A342C7F62D20080403E /* CastsListWidget.swift in Sources */ = {isa = PBXBuildFile; fileRef = 8B136A2A2C7F62D20080403E /* CastsListWidget.swift */; };
		8B136A352C7F62D20080403E /* DescriptionView.swift in Sources */ = {isa = PBXBuildFile; fileRef = 8B136A2B2C7F62D20080403E /* DescriptionView.swift */; };
		8B136A362C7F62D20080403E /* DetailsHeader.swift in Sources */ = {isa = PBXBuildFile; fileRef = 8B136A2C2C7F62D20080403E /* DetailsHeader.swift */; };
		8B136A372C7F62D20080403E /* DetailScreen.swift in Sources */ = {isa = PBXBuildFile; fileRef = 8B136A2D2C7F62D20080403E /* DetailScreen.swift */; };
		8B136A382C7F62D20080403E /* PosterView.swift in Sources */ = {isa = PBXBuildFile; fileRef = 8B136A2E2C7F62D20080403E /* PosterView.swift */; };
		8B136A392C7F62D20080403E /* RateView.swift in Sources */ = {isa = PBXBuildFile; fileRef = 8B136A2F2C7F62D20080403E /* RateView.swift */; };
		8B1B1A2F2C7F8EF6002815AD /* Launch Screen.storyboard in Resources */ = {isa = PBXBuildFile; fileRef = 8B1B1A2E2C7F8EF6002815AD /* Launch Screen.storyboard */; };
		8B4963C22C87230100E71633 /* MovieRepositoryProtocol.swift in Sources */ = {isa = PBXBuildFile; fileRef = 8B4963C12C87230100E71633 /* MovieRepositoryProtocol.swift */; };
		8B4963C42C87231C00E71633 /* MovieRepository.swift in Sources */ = {isa = PBXBuildFile; fileRef = 8B4963C32C87231C00E71633 /* MovieRepository.swift */; };
		8B4963C72C8724F400E71633 /* HomeUseCase.swift in Sources */ = {isa = PBXBuildFile; fileRef = 8B4963C62C8724F400E71633 /* HomeUseCase.swift */; };
		8B4963C92C87279600E71633 /* HomeUseCaseProtocol.swift in Sources */ = {isa = PBXBuildFile; fileRef = 8B4963C82C87279600E71633 /* HomeUseCaseProtocol.swift */; };
		8B4963CD2C87290600E71633 /* TopRatedHandler.swift in Sources */ = {isa = PBXBuildFile; fileRef = 8B4963CC2C87290600E71633 /* TopRatedHandler.swift */; };
		8B4963DB2C872DEA00E71633 /* NowPlayingHandler.swift in Sources */ = {isa = PBXBuildFile; fileRef = 8B4963DA2C872DEA00E71633 /* NowPlayingHandler.swift */; };
		8B4963DD2C8732C100E71633 /* PopularHandler.swift in Sources */ = {isa = PBXBuildFile; fileRef = 8B4963DC2C8732C000E71633 /* PopularHandler.swift */; };
		8B4963DF2C8732E100E71633 /* UpcomingHandler.swift in Sources */ = {isa = PBXBuildFile; fileRef = 8B4963DE2C8732E100E71633 /* UpcomingHandler.swift */; };
		8B4963E12C8733B300E71633 /* UpcomingWidget.swift in Sources */ = {isa = PBXBuildFile; fileRef = 8B4963E02C8733B300E71633 /* UpcomingWidget.swift */; };
		8B4963E32C8733DA00E71633 /* PopularWidget.swift in Sources */ = {isa = PBXBuildFile; fileRef = 8B4963E22C8733DA00E71633 /* PopularWidget.swift */; };
		8B4963E52C873D8D00E71633 /* MovieNetwork.swift in Sources */ = {isa = PBXBuildFile; fileRef = 8B4963E42C873D8D00E71633 /* MovieNetwork.swift */; };
		8B4963E82C87417400E71633 /* DetailsUseCase.swift in Sources */ = {isa = PBXBuildFile; fileRef = 8B4963E72C87417400E71633 /* DetailsUseCase.swift */; };
		8B4963EA2C87418B00E71633 /* DetailsUseCaseProtocol.swift in Sources */ = {isa = PBXBuildFile; fileRef = 8B4963E92C87418B00E71633 /* DetailsUseCaseProtocol.swift */; };
		8B4963EF2C8743B100E71633 /* CastHandler.swift in Sources */ = {isa = PBXBuildFile; fileRef = 8B4963EE2C8743B100E71633 /* CastHandler.swift */; };
		8BB391DB2C845C42006018E2 /* CustomSearchTextField.swift in Sources */ = {isa = PBXBuildFile; fileRef = 8BB391DA2C845C42006018E2 /* CustomSearchTextField.swift */; };
		8BB391DD2C848FB0006018E2 /* LoadingView.swift in Sources */ = {isa = PBXBuildFile; fileRef = 8BB391DC2C848FB0006018E2 /* LoadingView.swift */; };
		8BBC5B342C874E52007F9F20 /* SimiliarWidget.swift in Sources */ = {isa = PBXBuildFile; fileRef = 8BBC5B332C874E52007F9F20 /* SimiliarWidget.swift */; };
		8BBC5B382C874F24007F9F20 /* SimiliarMoviesHandler.swift in Sources */ = {isa = PBXBuildFile; fileRef = 8BBC5B372C874F24007F9F20 /* SimiliarMoviesHandler.swift */; };
		8BBC5B3D2C875171007F9F20 /* DetailsWidget.swift in Sources */ = {isa = PBXBuildFile; fileRef = 8BBC5B3C2C875171007F9F20 /* DetailsWidget.swift */; };
		8BBC5B3F2C8751C5007F9F20 /* DetailsHandler.swift in Sources */ = {isa = PBXBuildFile; fileRef = 8BBC5B3E2C8751C5007F9F20 /* DetailsHandler.swift */; };
		8BCA1A332C7C789700AD6B6F /* Font.swift in Sources */ = {isa = PBXBuildFile; fileRef = 8BCA1A322C7C789700AD6B6F /* Font.swift */; };
		8BCA1A352C7C78B100AD6B6F /* Color.swift in Sources */ = {isa = PBXBuildFile; fileRef = 8BCA1A342C7C78B100AD6B6F /* Color.swift */; };
		8BCA1A372C7C78DA00AD6B6F /* BackgroundStyle.swift in Sources */ = {isa = PBXBuildFile; fileRef = 8BCA1A362C7C78DA00AD6B6F /* BackgroundStyle.swift */; };
		8BCA1A392C7C797F00AD6B6F /* CustomImageView.swift in Sources */ = {isa = PBXBuildFile; fileRef = 8BCA1A382C7C797F00AD6B6F /* CustomImageView.swift */; };
		8BCA1A3B2C7C7A7300AD6B6F /* TopRatedListItem.swift in Sources */ = {isa = PBXBuildFile; fileRef = 8BCA1A3A2C7C7A7300AD6B6F /* TopRatedListItem.swift */; };
		8BCA1A3D2C7C7AD100AD6B6F /* StrokeText.swift in Sources */ = {isa = PBXBuildFile; fileRef = 8BCA1A3C2C7C7AD100AD6B6F /* StrokeText.swift */; };
		8BCA1A3F2C7C7B4100AD6B6F /* Constants.swift in Sources */ = {isa = PBXBuildFile; fileRef = 8BCA1A3E2C7C7B4100AD6B6F /* Constants.swift */; };
		8BCA1A412C7C7BC100AD6B6F /* NowPlayingListItem.swift in Sources */ = {isa = PBXBuildFile; fileRef = 8BCA1A402C7C7BC100AD6B6F /* NowPlayingListItem.swift */; };
		8BCA1A432C7C7C3700AD6B6F /* DoubleFormatter.swift in Sources */ = {isa = PBXBuildFile; fileRef = 8BCA1A422C7C7C3700AD6B6F /* DoubleFormatter.swift */; };
		8BCA1A472C7C7F0000AD6B6F /* StandardListItem.swift in Sources */ = {isa = PBXBuildFile; fileRef = 8BCA1A462C7C7F0000AD6B6F /* StandardListItem.swift */; };
		8BCA1A4B2C7C811500AD6B6F /* TitleView.swift in Sources */ = {isa = PBXBuildFile; fileRef = 8BCA1A4A2C7C811500AD6B6F /* TitleView.swift */; };
		8BCA1A4D2C7C814E00AD6B6F /* HomeScreen.swift in Sources */ = {isa = PBXBuildFile; fileRef = 8BCA1A4C2C7C814E00AD6B6F /* HomeScreen.swift */; };
		8BD3472D2C7A7EAD00E922DD /* MoviesClubApp.swift in Sources */ = {isa = PBXBuildFile; fileRef = 8BD3472C2C7A7EAD00E922DD /* MoviesClubApp.swift */; };
		8BD3472F2C7A7EAD00E922DD /* ContentView.swift in Sources */ = {isa = PBXBuildFile; fileRef = 8BD3472E2C7A7EAD00E922DD /* ContentView.swift */; };
		8BD347312C7A7EAF00E922DD /* Assets.xcassets in Resources */ = {isa = PBXBuildFile; fileRef = 8BD347302C7A7EAF00E922DD /* Assets.xcassets */; };
		8BD347342C7A7EB000E922DD /* Preview Assets.xcassets in Resources */ = {isa = PBXBuildFile; fileRef = 8BD347332C7A7EB000E922DD /* Preview Assets.xcassets */; };
		8BD347362C7A7EB000E922DD /* Persistence.swift in Sources */ = {isa = PBXBuildFile; fileRef = 8BD347352C7A7EB000E922DD /* Persistence.swift */; };
		8BD347392C7A7EB000E922DD /* MoviesClub.xcdatamodeld in Sources */ = {isa = PBXBuildFile; fileRef = 8BD347372C7A7EB000E922DD /* MoviesClub.xcdatamodeld */; };
		8BD347412C7A81BA00E922DD /* Movies.swift in Sources */ = {isa = PBXBuildFile; fileRef = 8BD347402C7A81BA00E922DD /* Movies.swift */; };
		8BD347432C7A81D500E922DD /* Movie.swift in Sources */ = {isa = PBXBuildFile; fileRef = 8BD347422C7A81D500E922DD /* Movie.swift */; };
		8BD347452C7A81F500E922DD /* MovieDetail.swift in Sources */ = {isa = PBXBuildFile; fileRef = 8BD347442C7A81F500E922DD /* MovieDetail.swift */; };
		8BD347472C7A821100E922DD /* Genre.swift in Sources */ = {isa = PBXBuildFile; fileRef = 8BD347462C7A821100E922DD /* Genre.swift */; };
		8BD3474A2C7A842400E922DD /* MovieEndpoint.swift in Sources */ = {isa = PBXBuildFile; fileRef = 8BD347492C7A842400E922DD /* MovieEndpoint.swift */; };
		8BD3474C2C7A850900E922DD /* MovieURL.swift in Sources */ = {isa = PBXBuildFile; fileRef = 8BD3474B2C7A850900E922DD /* MovieURL.swift */; };
		8BD3474E2C7A869000E922DD /* GenericNetworkService.swift in Sources */ = {isa = PBXBuildFile; fileRef = 8BD3474D2C7A869000E922DD /* GenericNetworkService.swift */; };
		8BD347512C7A880200E922DD /* CSError.swift in Sources */ = {isa = PBXBuildFile; fileRef = 8BD347502C7A880200E922DD /* CSError.swift */; };
		8BEAEA5C2C7E0F0400C69A5C /* Casts.swift in Sources */ = {isa = PBXBuildFile; fileRef = 8BEAEA5B2C7E0F0400C69A5C /* Casts.swift */; };
		8BEAEA5E2C7E0F8D00C69A5C /* Credit.swift in Sources */ = {isa = PBXBuildFile; fileRef = 8BEAEA5D2C7E0F8D00C69A5C /* Credit.swift */; };
		8BEAEA712C7E1B4400C69A5C /* TopRatedWidget.swift in Sources */ = {isa = PBXBuildFile; fileRef = 8BEAEA702C7E1B4400C69A5C /* TopRatedWidget.swift */; };
		8BEAEA732C7E20A100C69A5C /* NowPlayingWidget.swift in Sources */ = {isa = PBXBuildFile; fileRef = 8BEAEA722C7E20A100C69A5C /* NowPlayingWidget.swift */; };
		8BEAEA752C7E214F00C69A5C /* StandardList.swift in Sources */ = {isa = PBXBuildFile; fileRef = 8BEAEA742C7E214E00C69A5C /* StandardList.swift */; };
		8BEF94E72C806DBC00C1954D /* EmptyListView.swift in Sources */ = {isa = PBXBuildFile; fileRef = 8BEF94E62C806DBC00C1954D /* EmptyListView.swift */; };
		8BEF94E92C806E5B00C1954D /* SearchMovieItem.swift in Sources */ = {isa = PBXBuildFile; fileRef = 8BEF94E82C806E5B00C1954D /* SearchMovieItem.swift */; };
		8BEF94EB2C806F6200C1954D /* SearchMovieList.swift in Sources */ = {isa = PBXBuildFile; fileRef = 8BEF94EA2C806F6200C1954D /* SearchMovieList.swift */; };
		8BEF94ED2C8070C500C1954D /* SearchView.swift in Sources */ = {isa = PBXBuildFile; fileRef = 8BEF94EC2C8070C500C1954D /* SearchView.swift */; };
		8BEF94F02C808C1200C1954D /* SearchViewHandler.swift in Sources */ = {isa = PBXBuildFile; fileRef = 8BEF94EF2C808C1200C1954D /* SearchViewHandler.swift */; };
		8BEF94F22C809E3300C1954D /* CustomBarView.swift in Sources */ = {isa = PBXBuildFile; fileRef = 8BEF94F12C809E3300C1954D /* CustomBarView.swift */; };
/* End PBXBuildFile section */

/* Begin PBXFileReference section */
		775EA7582C7F8873003E3B39 /* UINavigationController.swift */ = {isa = PBXFileReference; fileEncoding = 4; lastKnownFileType = sourcecode.swift; path = UINavigationController.swift; sourceTree = "<group>"; };
		8B136A272C7F44D30080403E /* ErrorView.swift */ = {isa = PBXFileReference; lastKnownFileType = sourcecode.swift; path = ErrorView.swift; sourceTree = "<group>"; };
		8B136A292C7F62D20080403E /* CastListItem.swift */ = {isa = PBXFileReference; fileEncoding = 4; lastKnownFileType = sourcecode.swift; path = CastListItem.swift; sourceTree = "<group>"; };
		8B136A2A2C7F62D20080403E /* CastsListWidget.swift */ = {isa = PBXFileReference; fileEncoding = 4; lastKnownFileType = sourcecode.swift; path = CastsListWidget.swift; sourceTree = "<group>"; };
		8B136A2B2C7F62D20080403E /* DescriptionView.swift */ = {isa = PBXFileReference; fileEncoding = 4; lastKnownFileType = sourcecode.swift; path = DescriptionView.swift; sourceTree = "<group>"; };
		8B136A2C2C7F62D20080403E /* DetailsHeader.swift */ = {isa = PBXFileReference; fileEncoding = 4; lastKnownFileType = sourcecode.swift; path = DetailsHeader.swift; sourceTree = "<group>"; };
		8B136A2D2C7F62D20080403E /* DetailScreen.swift */ = {isa = PBXFileReference; fileEncoding = 4; lastKnownFileType = sourcecode.swift; path = DetailScreen.swift; sourceTree = "<group>"; };
		8B136A2E2C7F62D20080403E /* PosterView.swift */ = {isa = PBXFileReference; fileEncoding = 4; lastKnownFileType = sourcecode.swift; path = PosterView.swift; sourceTree = "<group>"; };
		8B136A2F2C7F62D20080403E /* RateView.swift */ = {isa = PBXFileReference; fileEncoding = 4; lastKnownFileType = sourcecode.swift; path = RateView.swift; sourceTree = "<group>"; };
		8B1B1A2E2C7F8EF6002815AD /* Launch Screen.storyboard */ = {isa = PBXFileReference; lastKnownFileType = file.storyboard; path = "Launch Screen.storyboard"; sourceTree = "<group>"; };
		8B4963C12C87230100E71633 /* MovieRepositoryProtocol.swift */ = {isa = PBXFileReference; lastKnownFileType = sourcecode.swift; path = MovieRepositoryProtocol.swift; sourceTree = "<group>"; };
		8B4963C32C87231C00E71633 /* MovieRepository.swift */ = {isa = PBXFileReference; lastKnownFileType = sourcecode.swift; path = MovieRepository.swift; sourceTree = "<group>"; };
		8B4963C62C8724F400E71633 /* HomeUseCase.swift */ = {isa = PBXFileReference; lastKnownFileType = sourcecode.swift; path = HomeUseCase.swift; sourceTree = "<group>"; };
		8B4963C82C87279600E71633 /* HomeUseCaseProtocol.swift */ = {isa = PBXFileReference; lastKnownFileType = sourcecode.swift; path = HomeUseCaseProtocol.swift; sourceTree = "<group>"; };
		8B4963CC2C87290600E71633 /* TopRatedHandler.swift */ = {isa = PBXFileReference; lastKnownFileType = sourcecode.swift; path = TopRatedHandler.swift; sourceTree = "<group>"; };
		8B4963DA2C872DEA00E71633 /* NowPlayingHandler.swift */ = {isa = PBXFileReference; lastKnownFileType = sourcecode.swift; path = NowPlayingHandler.swift; sourceTree = "<group>"; };
		8B4963DC2C8732C000E71633 /* PopularHandler.swift */ = {isa = PBXFileReference; lastKnownFileType = sourcecode.swift; path = PopularHandler.swift; sourceTree = "<group>"; };
		8B4963DE2C8732E100E71633 /* UpcomingHandler.swift */ = {isa = PBXFileReference; lastKnownFileType = sourcecode.swift; path = UpcomingHandler.swift; sourceTree = "<group>"; };
		8B4963E02C8733B300E71633 /* UpcomingWidget.swift */ = {isa = PBXFileReference; lastKnownFileType = sourcecode.swift; path = UpcomingWidget.swift; sourceTree = "<group>"; };
		8B4963E22C8733DA00E71633 /* PopularWidget.swift */ = {isa = PBXFileReference; lastKnownFileType = sourcecode.swift; path = PopularWidget.swift; sourceTree = "<group>"; };
		8B4963E42C873D8D00E71633 /* MovieNetwork.swift */ = {isa = PBXFileReference; fileEncoding = 4; lastKnownFileType = sourcecode.swift; path = MovieNetwork.swift; sourceTree = "<group>"; };
		8B4963E72C87417400E71633 /* DetailsUseCase.swift */ = {isa = PBXFileReference; lastKnownFileType = sourcecode.swift; path = DetailsUseCase.swift; sourceTree = "<group>"; };
		8B4963E92C87418B00E71633 /* DetailsUseCaseProtocol.swift */ = {isa = PBXFileReference; lastKnownFileType = sourcecode.swift; path = DetailsUseCaseProtocol.swift; sourceTree = "<group>"; };
		8B4963EE2C8743B100E71633 /* CastHandler.swift */ = {isa = PBXFileReference; lastKnownFileType = sourcecode.swift; path = CastHandler.swift; sourceTree = "<group>"; };
		8BB391DA2C845C42006018E2 /* CustomSearchTextField.swift */ = {isa = PBXFileReference; lastKnownFileType = sourcecode.swift; path = CustomSearchTextField.swift; sourceTree = "<group>"; };
		8BB391DC2C848FB0006018E2 /* LoadingView.swift */ = {isa = PBXFileReference; lastKnownFileType = sourcecode.swift; path = LoadingView.swift; sourceTree = "<group>"; };
		8BBC5B332C874E52007F9F20 /* SimiliarWidget.swift */ = {isa = PBXFileReference; lastKnownFileType = sourcecode.swift; path = SimiliarWidget.swift; sourceTree = "<group>"; };
		8BBC5B372C874F24007F9F20 /* SimiliarMoviesHandler.swift */ = {isa = PBXFileReference; lastKnownFileType = sourcecode.swift; path = SimiliarMoviesHandler.swift; sourceTree = "<group>"; };
		8BBC5B3C2C875171007F9F20 /* DetailsWidget.swift */ = {isa = PBXFileReference; lastKnownFileType = sourcecode.swift; path = DetailsWidget.swift; sourceTree = "<group>"; };
		8BBC5B3E2C8751C5007F9F20 /* DetailsHandler.swift */ = {isa = PBXFileReference; lastKnownFileType = sourcecode.swift; path = DetailsHandler.swift; sourceTree = "<group>"; };
		8BCA1A322C7C789700AD6B6F /* Font.swift */ = {isa = PBXFileReference; lastKnownFileType = sourcecode.swift; path = Font.swift; sourceTree = "<group>"; };
		8BCA1A342C7C78B100AD6B6F /* Color.swift */ = {isa = PBXFileReference; lastKnownFileType = sourcecode.swift; path = Color.swift; sourceTree = "<group>"; };
		8BCA1A362C7C78DA00AD6B6F /* BackgroundStyle.swift */ = {isa = PBXFileReference; lastKnownFileType = sourcecode.swift; path = BackgroundStyle.swift; sourceTree = "<group>"; };
		8BCA1A382C7C797F00AD6B6F /* CustomImageView.swift */ = {isa = PBXFileReference; lastKnownFileType = sourcecode.swift; path = CustomImageView.swift; sourceTree = "<group>"; };
		8BCA1A3A2C7C7A7300AD6B6F /* TopRatedListItem.swift */ = {isa = PBXFileReference; lastKnownFileType = sourcecode.swift; path = TopRatedListItem.swift; sourceTree = "<group>"; };
		8BCA1A3C2C7C7AD100AD6B6F /* StrokeText.swift */ = {isa = PBXFileReference; lastKnownFileType = sourcecode.swift; path = StrokeText.swift; sourceTree = "<group>"; };
		8BCA1A3E2C7C7B4100AD6B6F /* Constants.swift */ = {isa = PBXFileReference; lastKnownFileType = sourcecode.swift; path = Constants.swift; sourceTree = "<group>"; };
		8BCA1A402C7C7BC100AD6B6F /* NowPlayingListItem.swift */ = {isa = PBXFileReference; lastKnownFileType = sourcecode.swift; path = NowPlayingListItem.swift; sourceTree = "<group>"; };
		8BCA1A422C7C7C3700AD6B6F /* DoubleFormatter.swift */ = {isa = PBXFileReference; lastKnownFileType = sourcecode.swift; path = DoubleFormatter.swift; sourceTree = "<group>"; };
		8BCA1A462C7C7F0000AD6B6F /* StandardListItem.swift */ = {isa = PBXFileReference; lastKnownFileType = sourcecode.swift; path = StandardListItem.swift; sourceTree = "<group>"; };
		8BCA1A4A2C7C811500AD6B6F /* TitleView.swift */ = {isa = PBXFileReference; lastKnownFileType = sourcecode.swift; path = TitleView.swift; sourceTree = "<group>"; };
		8BCA1A4C2C7C814E00AD6B6F /* HomeScreen.swift */ = {isa = PBXFileReference; lastKnownFileType = sourcecode.swift; path = HomeScreen.swift; sourceTree = "<group>"; };
		8BD347292C7A7EAD00E922DD /* MoviesClub.app */ = {isa = PBXFileReference; explicitFileType = wrapper.application; includeInIndex = 0; path = MoviesClub.app; sourceTree = BUILT_PRODUCTS_DIR; };
		8BD3472C2C7A7EAD00E922DD /* MoviesClubApp.swift */ = {isa = PBXFileReference; lastKnownFileType = sourcecode.swift; path = MoviesClubApp.swift; sourceTree = "<group>"; };
		8BD3472E2C7A7EAD00E922DD /* ContentView.swift */ = {isa = PBXFileReference; lastKnownFileType = sourcecode.swift; path = ContentView.swift; sourceTree = "<group>"; };
		8BD347302C7A7EAF00E922DD /* Assets.xcassets */ = {isa = PBXFileReference; lastKnownFileType = folder.assetcatalog; path = Assets.xcassets; sourceTree = "<group>"; };
		8BD347332C7A7EB000E922DD /* Preview Assets.xcassets */ = {isa = PBXFileReference; lastKnownFileType = folder.assetcatalog; path = "Preview Assets.xcassets"; sourceTree = "<group>"; };
		8BD347352C7A7EB000E922DD /* Persistence.swift */ = {isa = PBXFileReference; lastKnownFileType = sourcecode.swift; path = Persistence.swift; sourceTree = "<group>"; };
		8BD347382C7A7EB000E922DD /* MoviesClub.xcdatamodel */ = {isa = PBXFileReference; lastKnownFileType = wrapper.xcdatamodel; path = MoviesClub.xcdatamodel; sourceTree = "<group>"; };
		8BD347402C7A81BA00E922DD /* Movies.swift */ = {isa = PBXFileReference; lastKnownFileType = sourcecode.swift; path = Movies.swift; sourceTree = "<group>"; };
		8BD347422C7A81D500E922DD /* Movie.swift */ = {isa = PBXFileReference; lastKnownFileType = sourcecode.swift; path = Movie.swift; sourceTree = "<group>"; };
		8BD347442C7A81F500E922DD /* MovieDetail.swift */ = {isa = PBXFileReference; lastKnownFileType = sourcecode.swift; path = MovieDetail.swift; sourceTree = "<group>"; };
		8BD347462C7A821100E922DD /* Genre.swift */ = {isa = PBXFileReference; lastKnownFileType = sourcecode.swift; path = Genre.swift; sourceTree = "<group>"; };
		8BD347492C7A842400E922DD /* MovieEndpoint.swift */ = {isa = PBXFileReference; lastKnownFileType = sourcecode.swift; path = MovieEndpoint.swift; sourceTree = "<group>"; };
		8BD3474B2C7A850900E922DD /* MovieURL.swift */ = {isa = PBXFileReference; lastKnownFileType = sourcecode.swift; path = MovieURL.swift; sourceTree = "<group>"; };
		8BD3474D2C7A869000E922DD /* GenericNetworkService.swift */ = {isa = PBXFileReference; lastKnownFileType = sourcecode.swift; path = GenericNetworkService.swift; sourceTree = "<group>"; };
		8BD347502C7A880200E922DD /* CSError.swift */ = {isa = PBXFileReference; lastKnownFileType = sourcecode.swift; path = CSError.swift; sourceTree = "<group>"; };
		8BEAEA5B2C7E0F0400C69A5C /* Casts.swift */ = {isa = PBXFileReference; lastKnownFileType = sourcecode.swift; path = Casts.swift; sourceTree = "<group>"; };
		8BEAEA5D2C7E0F8D00C69A5C /* Credit.swift */ = {isa = PBXFileReference; lastKnownFileType = sourcecode.swift; path = Credit.swift; sourceTree = "<group>"; };
		8BEAEA702C7E1B4400C69A5C /* TopRatedWidget.swift */ = {isa = PBXFileReference; lastKnownFileType = sourcecode.swift; path = TopRatedWidget.swift; sourceTree = "<group>"; };
		8BEAEA722C7E20A100C69A5C /* NowPlayingWidget.swift */ = {isa = PBXFileReference; lastKnownFileType = sourcecode.swift; path = NowPlayingWidget.swift; sourceTree = "<group>"; };
		8BEAEA742C7E214E00C69A5C /* StandardList.swift */ = {isa = PBXFileReference; lastKnownFileType = sourcecode.swift; path = StandardList.swift; sourceTree = "<group>"; };
		8BEF94E62C806DBC00C1954D /* EmptyListView.swift */ = {isa = PBXFileReference; lastKnownFileType = sourcecode.swift; path = EmptyListView.swift; sourceTree = "<group>"; };
		8BEF94E82C806E5B00C1954D /* SearchMovieItem.swift */ = {isa = PBXFileReference; lastKnownFileType = sourcecode.swift; path = SearchMovieItem.swift; sourceTree = "<group>"; };
		8BEF94EA2C806F6200C1954D /* SearchMovieList.swift */ = {isa = PBXFileReference; lastKnownFileType = sourcecode.swift; path = SearchMovieList.swift; sourceTree = "<group>"; };
		8BEF94EC2C8070C500C1954D /* SearchView.swift */ = {isa = PBXFileReference; lastKnownFileType = sourcecode.swift; path = SearchView.swift; sourceTree = "<group>"; };
		8BEF94EF2C808C1200C1954D /* SearchViewHandler.swift */ = {isa = PBXFileReference; lastKnownFileType = sourcecode.swift; path = SearchViewHandler.swift; sourceTree = "<group>"; };
		8BEF94F12C809E3300C1954D /* CustomBarView.swift */ = {isa = PBXFileReference; lastKnownFileType = sourcecode.swift; path = CustomBarView.swift; sourceTree = "<group>"; };
/* End PBXFileReference section */

/* Begin PBXFrameworksBuildPhase section */
		8BD347262C7A7EAD00E922DD /* Frameworks */ = {
			isa = PBXFrameworksBuildPhase;
			buildActionMask = 2147483647;
			files = (
			);
			runOnlyForDeploymentPostprocessing = 0;
		};
/* End PBXFrameworksBuildPhase section */

/* Begin PBXGroup section */
		8B136A322C7F62D20080403E /* View */ = {
			isa = PBXGroup;
			children = (
				8B136A2D2C7F62D20080403E /* DetailScreen.swift */,
			);
			path = View;
			sourceTree = "<group>";
		};
		8B4963BF2C87228500E71633 /* Repositeries */ = {
			isa = PBXGroup;
			children = (
				8B4963C12C87230100E71633 /* MovieRepositoryProtocol.swift */,
				8B4963C32C87231C00E71633 /* MovieRepository.swift */,
			);
			path = Repositeries;
			sourceTree = "<group>";
		};
		8B4963C52C87247F00E71633 /* UseCases */ = {
			isa = PBXGroup;
			children = (
				8B4963E62C87415900E71633 /* Details */,
				8B4963CA2C8727AB00E71633 /* Home */,
			);
			path = UseCases;
			sourceTree = "<group>";
		};
		8B4963CA2C8727AB00E71633 /* Home */ = {
			isa = PBXGroup;
			children = (
				8B4963C62C8724F400E71633 /* HomeUseCase.swift */,
				8B4963C82C87279600E71633 /* HomeUseCaseProtocol.swift */,
			);
			path = Home;
			sourceTree = "<group>";
		};
		8B4963CB2C8728E600E71633 /* TopRated */ = {
			isa = PBXGroup;
			children = (
				8B4963CF2C87293200E71633 /* View */,
				8B4963CE2C87291F00E71633 /* Handler */,
			);
			path = TopRated;
			sourceTree = "<group>";
		};
		8B4963CE2C87291F00E71633 /* Handler */ = {
			isa = PBXGroup;
			children = (
				8B4963CC2C87290600E71633 /* TopRatedHandler.swift */,
			);
			path = Handler;
			sourceTree = "<group>";
		};
		8B4963CF2C87293200E71633 /* View */ = {
			isa = PBXGroup;
			children = (
				8BEAEA702C7E1B4400C69A5C /* TopRatedWidget.swift */,
				8BCA1A3A2C7C7A7300AD6B6F /* TopRatedListItem.swift */,
			);
			path = View;
			sourceTree = "<group>";
		};
		8B4963D02C872D3F00E71633 /* NowPlaying */ = {
			isa = PBXGroup;
			children = (
				8B4963D22C872D5600E71633 /* Handler */,
				8B4963D12C872D4C00E71633 /* View */,
			);
			path = NowPlaying;
			sourceTree = "<group>";
		};
		8B4963D12C872D4C00E71633 /* View */ = {
			isa = PBXGroup;
			children = (
				8BEAEA722C7E20A100C69A5C /* NowPlayingWidget.swift */,
				8BCA1A402C7C7BC100AD6B6F /* NowPlayingListItem.swift */,
			);
			path = View;
			sourceTree = "<group>";
		};
		8B4963D22C872D5600E71633 /* Handler */ = {
			isa = PBXGroup;
			children = (
				8B4963DA2C872DEA00E71633 /* NowPlayingHandler.swift */,
			);
			path = Handler;
			sourceTree = "<group>";
		};
		8B4963D42C872D6C00E71633 /* Popular */ = {
			isa = PBXGroup;
			children = (
				8B4963D62C872D7E00E71633 /* Handler */,
				8B4963D52C872D7700E71633 /* View */,
			);
			path = Popular;
			sourceTree = "<group>";
		};
		8B4963D52C872D7700E71633 /* View */ = {
			isa = PBXGroup;
			children = (
				8B4963E22C8733DA00E71633 /* PopularWidget.swift */,
			);
			path = View;
			sourceTree = "<group>";
		};
		8B4963D62C872D7E00E71633 /* Handler */ = {
			isa = PBXGroup;
			children = (
				8B4963DC2C8732C000E71633 /* PopularHandler.swift */,
			);
			path = Handler;
			sourceTree = "<group>";
		};
		8B4963D72C872D9300E71633 /* UpComing */ = {
			isa = PBXGroup;
			children = (
				8B4963D92C872DA900E71633 /* Handler */,
				8B4963D82C872DA100E71633 /* View */,
			);
			path = UpComing;
			sourceTree = "<group>";
		};
		8B4963D82C872DA100E71633 /* View */ = {
			isa = PBXGroup;
			children = (
				8B4963E02C8733B300E71633 /* UpcomingWidget.swift */,
			);
			path = View;
			sourceTree = "<group>";
		};
		8B4963D92C872DA900E71633 /* Handler */ = {
			isa = PBXGroup;
			children = (
				8B4963DE2C8732E100E71633 /* UpcomingHandler.swift */,
			);
			path = Handler;
			sourceTree = "<group>";
		};
		8B4963E62C87415900E71633 /* Details */ = {
			isa = PBXGroup;
			children = (
				8B4963E72C87417400E71633 /* DetailsUseCase.swift */,
				8B4963E92C87418B00E71633 /* DetailsUseCaseProtocol.swift */,
			);
			path = Details;
			sourceTree = "<group>";
		};
		8B4963EB2C87435C00E71633 /* Cast */ = {
			isa = PBXGroup;
			children = (
				8B4963ED2C87436F00E71633 /* Handler */,
				8B4963EC2C87436700E71633 /* View */,
			);
			path = Cast;
			sourceTree = "<group>";
		};
		8B4963EC2C87436700E71633 /* View */ = {
			isa = PBXGroup;
			children = (
				8B136A2A2C7F62D20080403E /* CastsListWidget.swift */,
				8B136A292C7F62D20080403E /* CastListItem.swift */,
			);
			path = View;
			sourceTree = "<group>";
		};
		8B4963ED2C87436F00E71633 /* Handler */ = {
			isa = PBXGroup;
			children = (
				8B4963EE2C8743B100E71633 /* CastHandler.swift */,
			);
			path = Handler;
			sourceTree = "<group>";
		};
		8B4963F12C874BBE00E71633 /* Handler */ = {
			isa = PBXGroup;
			children = (
				8BBC5B372C874F24007F9F20 /* SimiliarMoviesHandler.swift */,
			);
			path = Handler;
			sourceTree = "<group>";
		};
		8B4963F22C874BC800E71633 /* View */ = {
			isa = PBXGroup;
			children = (
				8BBC5B332C874E52007F9F20 /* SimiliarWidget.swift */,
			);
			path = View;
			sourceTree = "<group>";
		};
		8BBC5B392C875121007F9F20 /* MovieDescription */ = {
			isa = PBXGroup;
			children = (
				8BBC5B3B2C875140007F9F20 /* View */,
				8BBC5B3A2C875137007F9F20 /* Handler */,
			);
			path = MovieDescription;
			sourceTree = "<group>";
		};
		8BBC5B3A2C875137007F9F20 /* Handler */ = {
			isa = PBXGroup;
			children = (
				8BBC5B3E2C8751C5007F9F20 /* DetailsHandler.swift */,
			);
			path = Handler;
			sourceTree = "<group>";
		};
		8BBC5B3B2C875140007F9F20 /* View */ = {
			isa = PBXGroup;
			children = (
				8B136A2B2C7F62D20080403E /* DescriptionView.swift */,
				8B136A2C2C7F62D20080403E /* DetailsHeader.swift */,
				8B136A2E2C7F62D20080403E /* PosterView.swift */,
				8B136A2F2C7F62D20080403E /* RateView.swift */,
				8BBC5B3C2C875171007F9F20 /* DetailsWidget.swift */,
			);
			path = View;
			sourceTree = "<group>";
		};
		8BBC5B402C875543007F9F20 /* SimiliarMovies */ = {
			isa = PBXGroup;
			children = (
				8B4963F12C874BBE00E71633 /* Handler */,
				8B4963F22C874BC800E71633 /* View */,
			);
			path = SimiliarMovies;
			sourceTree = "<group>";
		};
		8BCA1A282C7C76FD00AD6B6F /* Modules */ = {
			isa = PBXGroup;
			children = (
				8BEF94E42C806D7F00C1954D /* Search */,
				8BCA1A4F2C7C82EB00AD6B6F /* Home */,
				8BEAEA572C7E085D00C69A5C /* MovieDetail */,
			);
			path = Modules;
			sourceTree = "<group>";
		};
		8BCA1A2A2C7C772000AD6B6F /* View */ = {
			isa = PBXGroup;
			children = (
				8BCA1A462C7C7F0000AD6B6F /* StandardListItem.swift */,
				8BEAEA742C7E214E00C69A5C /* StandardList.swift */,
				8BCA1A3C2C7C7AD100AD6B6F /* StrokeText.swift */,
				8BCA1A4C2C7C814E00AD6B6F /* HomeScreen.swift */,
			);
			path = View;
			sourceTree = "<group>";
		};
		8BCA1A312C7C783F00AD6B6F /* Extension */ = {
			isa = PBXGroup;
			children = (
				8BCA1A322C7C789700AD6B6F /* Font.swift */,
				8BCA1A342C7C78B100AD6B6F /* Color.swift */,
				8BCA1A362C7C78DA00AD6B6F /* BackgroundStyle.swift */,
				775EA7582C7F8873003E3B39 /* UINavigationController.swift */,
			);
			path = Extension;
			sourceTree = "<group>";
		};
		8BCA1A4F2C7C82EB00AD6B6F /* Home */ = {
			isa = PBXGroup;
			children = (
				8B4963D72C872D9300E71633 /* UpComing */,
				8B4963D42C872D6C00E71633 /* Popular */,
				8B4963D02C872D3F00E71633 /* NowPlaying */,
				8B4963CB2C8728E600E71633 /* TopRated */,
				8BCA1A2A2C7C772000AD6B6F /* View */,
			);
			path = Home;
			sourceTree = "<group>";
		};
		8BD347202C7A7EAD00E922DD = {
			isa = PBXGroup;
			children = (
				8BD3472B2C7A7EAD00E922DD /* MoviesClub */,
				8BD3472A2C7A7EAD00E922DD /* Products */,
			);
			sourceTree = "<group>";
		};
		8BD3472A2C7A7EAD00E922DD /* Products */ = {
			isa = PBXGroup;
			children = (
				8BD347292C7A7EAD00E922DD /* MoviesClub.app */,
			);
			name = Products;
			sourceTree = "<group>";
		};
		8BD3472B2C7A7EAD00E922DD /* MoviesClub */ = {
			isa = PBXGroup;
			children = (
				8B4963C52C87247F00E71633 /* UseCases */,
				8BCA1A312C7C783F00AD6B6F /* Extension */,
				8BCA1A282C7C76FD00AD6B6F /* Modules */,
				8BD3474F2C7A87E000E922DD /* Utilities */,
				8BD347482C7A83FD00E922DD /* Networking */,
				8BD3473F2C7A816E00E922DD /* Model */,
				8BD3472C2C7A7EAD00E922DD /* MoviesClubApp.swift */,
				8BD3472E2C7A7EAD00E922DD /* ContentView.swift */,
				8BD347302C7A7EAF00E922DD /* Assets.xcassets */,
				8BD347352C7A7EB000E922DD /* Persistence.swift */,
				8BD347372C7A7EB000E922DD /* MoviesClub.xcdatamodeld */,
				8B1B1A2E2C7F8EF6002815AD /* Launch Screen.storyboard */,
				8BD347322C7A7EB000E922DD /* Preview Content */,
			);
			path = MoviesClub;
			sourceTree = "<group>";
		};
		8BD347322C7A7EB000E922DD /* Preview Content */ = {
			isa = PBXGroup;
			children = (
				8BD347332C7A7EB000E922DD /* Preview Assets.xcassets */,
			);
			path = "Preview Content";
			sourceTree = "<group>";
		};
		8BD3473F2C7A816E00E922DD /* Model */ = {
			isa = PBXGroup;
			children = (
				8BD347402C7A81BA00E922DD /* Movies.swift */,
				8BD347422C7A81D500E922DD /* Movie.swift */,
				8BD347442C7A81F500E922DD /* MovieDetail.swift */,
				8BD347462C7A821100E922DD /* Genre.swift */,
				8BEAEA5B2C7E0F0400C69A5C /* Casts.swift */,
				8BEAEA5D2C7E0F8D00C69A5C /* Credit.swift */,
			);
			path = Model;
			sourceTree = "<group>";
		};
		8BD347482C7A83FD00E922DD /* Networking */ = {
			isa = PBXGroup;
			children = (
				8B4963BF2C87228500E71633 /* Repositeries */,
				8BD347492C7A842400E922DD /* MovieEndpoint.swift */,
				8BD3474B2C7A850900E922DD /* MovieURL.swift */,
				8BD3474D2C7A869000E922DD /* GenericNetworkService.swift */,
				8B4963E42C873D8D00E71633 /* MovieNetwork.swift */,
			);
			path = Networking;
			sourceTree = "<group>";
		};
		8BD3474F2C7A87E000E922DD /* Utilities */ = {
			isa = PBXGroup;
			children = (
				8BEAEA762C7E241100C69A5C /* CustomViews */,
				8BCA1A422C7C7C3700AD6B6F /* DoubleFormatter.swift */,
				8BCA1A3E2C7C7B4100AD6B6F /* Constants.swift */,
				8BD347502C7A880200E922DD /* CSError.swift */,
			);
			path = Utilities;
			sourceTree = "<group>";
		};
		8BEAEA572C7E085D00C69A5C /* MovieDetail */ = {
			isa = PBXGroup;
			children = (
				8BBC5B402C875543007F9F20 /* SimiliarMovies */,
				8BBC5B392C875121007F9F20 /* MovieDescription */,
				8B4963EB2C87435C00E71633 /* Cast */,
				8B136A322C7F62D20080403E /* View */,
			);
			path = MovieDetail;
			sourceTree = "<group>";
		};
		8BEAEA762C7E241100C69A5C /* CustomViews */ = {
			isa = PBXGroup;
			children = (
				8BCA1A4A2C7C811500AD6B6F /* TitleView.swift */,
				8BCA1A382C7C797F00AD6B6F /* CustomImageView.swift */,
				8B136A272C7F44D30080403E /* ErrorView.swift */,
				8BEF94F12C809E3300C1954D /* CustomBarView.swift */,
			);
			path = CustomViews;
			sourceTree = "<group>";
		};
		8BEF94E42C806D7F00C1954D /* Search */ = {
			isa = PBXGroup;
			children = (
				8BEF94EE2C808BE200C1954D /* Handler */,
				8BEF94E52C806D8800C1954D /* View */,
			);
			path = Search;
			sourceTree = "<group>";
		};
		8BEF94E52C806D8800C1954D /* View */ = {
			isa = PBXGroup;
			children = (
				8BEF94E62C806DBC00C1954D /* EmptyListView.swift */,
				8BEF94E82C806E5B00C1954D /* SearchMovieItem.swift */,
				8BEF94EA2C806F6200C1954D /* SearchMovieList.swift */,
				8BEF94EC2C8070C500C1954D /* SearchView.swift */,
				8BB391DA2C845C42006018E2 /* CustomSearchTextField.swift */,
				8BB391DC2C848FB0006018E2 /* LoadingView.swift */,
			);
			path = View;
			sourceTree = "<group>";
		};
		8BEF94EE2C808BE200C1954D /* Handler */ = {
			isa = PBXGroup;
			children = (
				8BEF94EF2C808C1200C1954D /* SearchViewHandler.swift */,
			);
			path = Handler;
			sourceTree = "<group>";
		};
/* End PBXGroup section */

/* Begin PBXNativeTarget section */
		8BD347282C7A7EAD00E922DD /* MoviesClub */ = {
			isa = PBXNativeTarget;
			buildConfigurationList = 8BD3473C2C7A7EB000E922DD /* Build configuration list for PBXNativeTarget "MoviesClub" */;
			buildPhases = (
				8BD347252C7A7EAD00E922DD /* Sources */,
				8BD347262C7A7EAD00E922DD /* Frameworks */,
				8BD347272C7A7EAD00E922DD /* Resources */,
			);
			buildRules = (
			);
			dependencies = (
			);
			name = MoviesClub;
			productName = MoviesClub;
			productReference = 8BD347292C7A7EAD00E922DD /* MoviesClub.app */;
			productType = "com.apple.product-type.application";
		};
/* End PBXNativeTarget section */

/* Begin PBXProject section */
		8BD347212C7A7EAD00E922DD /* Project object */ = {
			isa = PBXProject;
			attributes = {
				BuildIndependentTargetsInParallel = 1;
				LastSwiftUpdateCheck = 1530;
				LastUpgradeCheck = 1530;
				TargetAttributes = {
					8BD347282C7A7EAD00E922DD = {
						CreatedOnToolsVersion = 15.3;
					};
				};
			};
			buildConfigurationList = 8BD347242C7A7EAD00E922DD /* Build configuration list for PBXProject "MoviesClub" */;
			compatibilityVersion = "Xcode 14.0";
			developmentRegion = en;
			hasScannedForEncodings = 0;
			knownRegions = (
				en,
				Base,
			);
			mainGroup = 8BD347202C7A7EAD00E922DD;
			productRefGroup = 8BD3472A2C7A7EAD00E922DD /* Products */;
			projectDirPath = "";
			projectRoot = "";
			targets = (
				8BD347282C7A7EAD00E922DD /* MoviesClub */,
			);
		};
/* End PBXProject section */

/* Begin PBXResourcesBuildPhase section */
		8BD347272C7A7EAD00E922DD /* Resources */ = {
			isa = PBXResourcesBuildPhase;
			buildActionMask = 2147483647;
			files = (
				8B1B1A2F2C7F8EF6002815AD /* Launch Screen.storyboard in Resources */,
				8BD347342C7A7EB000E922DD /* Preview Assets.xcassets in Resources */,
				8BD347312C7A7EAF00E922DD /* Assets.xcassets in Resources */,
			);
			runOnlyForDeploymentPostprocessing = 0;
		};
/* End PBXResourcesBuildPhase section */

/* Begin PBXSourcesBuildPhase section */
		8BD347252C7A7EAD00E922DD /* Sources */ = {
			isa = PBXSourcesBuildPhase;
			buildActionMask = 2147483647;
			files = (
				8BD347412C7A81BA00E922DD /* Movies.swift in Sources */,
				8BD347452C7A81F500E922DD /* MovieDetail.swift in Sources */,
				8B4963E12C8733B300E71633 /* UpcomingWidget.swift in Sources */,
				8BEAEA5E2C7E0F8D00C69A5C /* Credit.swift in Sources */,
				8BD3474E2C7A869000E922DD /* GenericNetworkService.swift in Sources */,
				8BEAEA732C7E20A100C69A5C /* NowPlayingWidget.swift in Sources */,
				8BBC5B3F2C8751C5007F9F20 /* DetailsHandler.swift in Sources */,
				8B4963DB2C872DEA00E71633 /* NowPlayingHandler.swift in Sources */,
				8BD347392C7A7EB000E922DD /* MoviesClub.xcdatamodeld in Sources */,
				8B136A372C7F62D20080403E /* DetailScreen.swift in Sources */,
				8B4963E82C87417400E71633 /* DetailsUseCase.swift in Sources */,
				8BBC5B382C874F24007F9F20 /* SimiliarMoviesHandler.swift in Sources */,
				8BEAEA712C7E1B4400C69A5C /* TopRatedWidget.swift in Sources */,
				8B4963CD2C87290600E71633 /* TopRatedHandler.swift in Sources */,
				8B136A342C7F62D20080403E /* CastsListWidget.swift in Sources */,
				8BCA1A412C7C7BC100AD6B6F /* NowPlayingListItem.swift in Sources */,
				8B136A332C7F62D20080403E /* CastListItem.swift in Sources */,
				8B4963E32C8733DA00E71633 /* PopularWidget.swift in Sources */,
				8B4963E52C873D8D00E71633 /* MovieNetwork.swift in Sources */,
				8B4963DD2C8732C100E71633 /* PopularHandler.swift in Sources */,
				8BBC5B342C874E52007F9F20 /* SimiliarWidget.swift in Sources */,
				8BCA1A472C7C7F0000AD6B6F /* StandardListItem.swift in Sources */,
				8B4963EF2C8743B100E71633 /* CastHandler.swift in Sources */,
				8BCA1A392C7C797F00AD6B6F /* CustomImageView.swift in Sources */,
				8BCA1A372C7C78DA00AD6B6F /* BackgroundStyle.swift in Sources */,
				775EA7592C7F8873003E3B39 /* UINavigationController.swift in Sources */,
				8BEF94E72C806DBC00C1954D /* EmptyListView.swift in Sources */,
				8BEF94F02C808C1200C1954D /* SearchViewHandler.swift in Sources */,
				8BCA1A3B2C7C7A7300AD6B6F /* TopRatedListItem.swift in Sources */,
				8B136A362C7F62D20080403E /* DetailsHeader.swift in Sources */,
				8BEF94ED2C8070C500C1954D /* SearchView.swift in Sources */,
				8B4963DF2C8732E100E71633 /* UpcomingHandler.swift in Sources */,
				8BCA1A432C7C7C3700AD6B6F /* DoubleFormatter.swift in Sources */,
				8BEF94F22C809E3300C1954D /* CustomBarView.swift in Sources */,
				8B136A392C7F62D20080403E /* RateView.swift in Sources */,
				8BD347512C7A880200E922DD /* CSError.swift in Sources */,
				8BD347432C7A81D500E922DD /* Movie.swift in Sources */,
				8BD347362C7A7EB000E922DD /* Persistence.swift in Sources */,
				8BCA1A4D2C7C814E00AD6B6F /* HomeScreen.swift in Sources */,
				8BBC5B3D2C875171007F9F20 /* DetailsWidget.swift in Sources */,
				8B136A352C7F62D20080403E /* DescriptionView.swift in Sources */,
				8B4963C22C87230100E71633 /* MovieRepositoryProtocol.swift in Sources */,
				8B136A282C7F44D30080403E /* ErrorView.swift in Sources */,
				8BCA1A352C7C78B100AD6B6F /* Color.swift in Sources */,
				8BB391DB2C845C42006018E2 /* CustomSearchTextField.swift in Sources */,
				8BCA1A332C7C789700AD6B6F /* Font.swift in Sources */,
				8BEF94EB2C806F6200C1954D /* SearchMovieList.swift in Sources */,
				8B4963C72C8724F400E71633 /* HomeUseCase.swift in Sources */,
				8BD3472F2C7A7EAD00E922DD /* ContentView.swift in Sources */,
				8BD3474C2C7A850900E922DD /* MovieURL.swift in Sources */,
				8BB391DD2C848FB0006018E2 /* LoadingView.swift in Sources */,
				8BEAEA5C2C7E0F0400C69A5C /* Casts.swift in Sources */,
				8B4963C42C87231C00E71633 /* MovieRepository.swift in Sources */,
				8BCA1A4B2C7C811500AD6B6F /* TitleView.swift in Sources */,
				8BEF94E92C806E5B00C1954D /* SearchMovieItem.swift in Sources */,
				8BCA1A3D2C7C7AD100AD6B6F /* StrokeText.swift in Sources */,
				8BD3472D2C7A7EAD00E922DD /* MoviesClubApp.swift in Sources */,
				8BCA1A3F2C7C7B4100AD6B6F /* Constants.swift in Sources */,
				8B4963C92C87279600E71633 /* HomeUseCaseProtocol.swift in Sources */,
				8B4963EA2C87418B00E71633 /* DetailsUseCaseProtocol.swift in Sources */,
				8BD3474C2C7A850900E922DD /* MovieURL.swift in Sources */,
				8B136A382C7F62D20080403E /* PosterView.swift in Sources */,
				8BEAEA752C7E214F00C69A5C /* StandardList.swift in Sources */,
				8BD347472C7A821100E922DD /* Genre.swift in Sources */,
				8BD3474A2C7A842400E922DD /* MovieEndpoint.swift in Sources */,
			);
			runOnlyForDeploymentPostprocessing = 0;
		};
/* End PBXSourcesBuildPhase section */

/* Begin XCBuildConfiguration section */
		8BD3473A2C7A7EB000E922DD /* Debug */ = {
			isa = XCBuildConfiguration;
			buildSettings = {
				ALWAYS_SEARCH_USER_PATHS = NO;
				ASSETCATALOG_COMPILER_GENERATE_SWIFT_ASSET_SYMBOL_EXTENSIONS = YES;
				CLANG_ANALYZER_NONNULL = YES;
				CLANG_ANALYZER_NUMBER_OBJECT_CONVERSION = YES_AGGRESSIVE;
				CLANG_CXX_LANGUAGE_STANDARD = "gnu++20";
				CLANG_ENABLE_MODULES = YES;
				CLANG_ENABLE_OBJC_ARC = YES;
				CLANG_ENABLE_OBJC_WEAK = YES;
				CLANG_WARN_BLOCK_CAPTURE_AUTORELEASING = YES;
				CLANG_WARN_BOOL_CONVERSION = YES;
				CLANG_WARN_COMMA = YES;
				CLANG_WARN_CONSTANT_CONVERSION = YES;
				CLANG_WARN_DEPRECATED_OBJC_IMPLEMENTATIONS = YES;
				CLANG_WARN_DIRECT_OBJC_ISA_USAGE = YES_ERROR;
				CLANG_WARN_DOCUMENTATION_COMMENTS = YES;
				CLANG_WARN_EMPTY_BODY = YES;
				CLANG_WARN_ENUM_CONVERSION = YES;
				CLANG_WARN_INFINITE_RECURSION = YES;
				CLANG_WARN_INT_CONVERSION = YES;
				CLANG_WARN_NON_LITERAL_NULL_CONVERSION = YES;
				CLANG_WARN_OBJC_IMPLICIT_RETAIN_SELF = YES;
				CLANG_WARN_OBJC_LITERAL_CONVERSION = YES;
				CLANG_WARN_OBJC_ROOT_CLASS = YES_ERROR;
				CLANG_WARN_QUOTED_INCLUDE_IN_FRAMEWORK_HEADER = YES;
				CLANG_WARN_RANGE_LOOP_ANALYSIS = YES;
				CLANG_WARN_STRICT_PROTOTYPES = YES;
				CLANG_WARN_SUSPICIOUS_MOVE = YES;
				CLANG_WARN_UNGUARDED_AVAILABILITY = YES_AGGRESSIVE;
				CLANG_WARN_UNREACHABLE_CODE = YES;
				CLANG_WARN__DUPLICATE_METHOD_MATCH = YES;
				COPY_PHASE_STRIP = NO;
				DEBUG_INFORMATION_FORMAT = dwarf;
				ENABLE_STRICT_OBJC_MSGSEND = YES;
				ENABLE_TESTABILITY = YES;
				ENABLE_USER_SCRIPT_SANDBOXING = YES;
				GCC_C_LANGUAGE_STANDARD = gnu17;
				GCC_DYNAMIC_NO_PIC = NO;
				GCC_NO_COMMON_BLOCKS = YES;
				GCC_OPTIMIZATION_LEVEL = 0;
				GCC_PREPROCESSOR_DEFINITIONS = (
					"DEBUG=1",
					"$(inherited)",
				);
				GCC_WARN_64_TO_32_BIT_CONVERSION = YES;
				GCC_WARN_ABOUT_RETURN_TYPE = YES_ERROR;
				GCC_WARN_UNDECLARED_SELECTOR = YES;
				GCC_WARN_UNINITIALIZED_AUTOS = YES_AGGRESSIVE;
				GCC_WARN_UNUSED_FUNCTION = YES;
				GCC_WARN_UNUSED_VARIABLE = YES;
				IPHONEOS_DEPLOYMENT_TARGET = 15.5;
				LOCALIZATION_PREFERS_STRING_CATALOGS = YES;
				MTL_ENABLE_DEBUG_INFO = INCLUDE_SOURCE;
				MTL_FAST_MATH = YES;
				ONLY_ACTIVE_ARCH = YES;
				SDKROOT = iphoneos;
				SWIFT_ACTIVE_COMPILATION_CONDITIONS = "DEBUG $(inherited)";
				SWIFT_OPTIMIZATION_LEVEL = "-Onone";
			};
			name = Debug;
		};
		8BD3473B2C7A7EB000E922DD /* Release */ = {
			isa = XCBuildConfiguration;
			buildSettings = {
				ALWAYS_SEARCH_USER_PATHS = NO;
				ASSETCATALOG_COMPILER_GENERATE_SWIFT_ASSET_SYMBOL_EXTENSIONS = YES;
				CLANG_ANALYZER_NONNULL = YES;
				CLANG_ANALYZER_NUMBER_OBJECT_CONVERSION = YES_AGGRESSIVE;
				CLANG_CXX_LANGUAGE_STANDARD = "gnu++20";
				CLANG_ENABLE_MODULES = YES;
				CLANG_ENABLE_OBJC_ARC = YES;
				CLANG_ENABLE_OBJC_WEAK = YES;
				CLANG_WARN_BLOCK_CAPTURE_AUTORELEASING = YES;
				CLANG_WARN_BOOL_CONVERSION = YES;
				CLANG_WARN_COMMA = YES;
				CLANG_WARN_CONSTANT_CONVERSION = YES;
				CLANG_WARN_DEPRECATED_OBJC_IMPLEMENTATIONS = YES;
				CLANG_WARN_DIRECT_OBJC_ISA_USAGE = YES_ERROR;
				CLANG_WARN_DOCUMENTATION_COMMENTS = YES;
				CLANG_WARN_EMPTY_BODY = YES;
				CLANG_WARN_ENUM_CONVERSION = YES;
				CLANG_WARN_INFINITE_RECURSION = YES;
				CLANG_WARN_INT_CONVERSION = YES;
				CLANG_WARN_NON_LITERAL_NULL_CONVERSION = YES;
				CLANG_WARN_OBJC_IMPLICIT_RETAIN_SELF = YES;
				CLANG_WARN_OBJC_LITERAL_CONVERSION = YES;
				CLANG_WARN_OBJC_ROOT_CLASS = YES_ERROR;
				CLANG_WARN_QUOTED_INCLUDE_IN_FRAMEWORK_HEADER = YES;
				CLANG_WARN_RANGE_LOOP_ANALYSIS = YES;
				CLANG_WARN_STRICT_PROTOTYPES = YES;
				CLANG_WARN_SUSPICIOUS_MOVE = YES;
				CLANG_WARN_UNGUARDED_AVAILABILITY = YES_AGGRESSIVE;
				CLANG_WARN_UNREACHABLE_CODE = YES;
				CLANG_WARN__DUPLICATE_METHOD_MATCH = YES;
				COPY_PHASE_STRIP = NO;
				DEBUG_INFORMATION_FORMAT = "dwarf-with-dsym";
				ENABLE_NS_ASSERTIONS = NO;
				ENABLE_STRICT_OBJC_MSGSEND = YES;
				ENABLE_USER_SCRIPT_SANDBOXING = YES;
				GCC_C_LANGUAGE_STANDARD = gnu17;
				GCC_NO_COMMON_BLOCKS = YES;
				GCC_WARN_64_TO_32_BIT_CONVERSION = YES;
				GCC_WARN_ABOUT_RETURN_TYPE = YES_ERROR;
				GCC_WARN_UNDECLARED_SELECTOR = YES;
				GCC_WARN_UNINITIALIZED_AUTOS = YES_AGGRESSIVE;
				GCC_WARN_UNUSED_FUNCTION = YES;
				GCC_WARN_UNUSED_VARIABLE = YES;
				IPHONEOS_DEPLOYMENT_TARGET = 15.5;
				LOCALIZATION_PREFERS_STRING_CATALOGS = YES;
				MTL_ENABLE_DEBUG_INFO = NO;
				MTL_FAST_MATH = YES;
				SDKROOT = iphoneos;
				SWIFT_COMPILATION_MODE = wholemodule;
				VALIDATE_PRODUCT = YES;
			};
			name = Release;
		};
		8BD3473D2C7A7EB000E922DD /* Debug */ = {
			isa = XCBuildConfiguration;
			buildSettings = {
				ASSETCATALOG_COMPILER_APPICON_NAME = AppIcon;
				ASSETCATALOG_COMPILER_GLOBAL_ACCENT_COLOR_NAME = AccentColor;
				CODE_SIGN_STYLE = Automatic;
				CURRENT_PROJECT_VERSION = 1;
				DEVELOPMENT_ASSET_PATHS = "\"MoviesClub/Preview Content\"";
				DEVELOPMENT_TEAM = 9N9VA4HG3J;
				ENABLE_PREVIEWS = YES;
				GENERATE_INFOPLIST_FILE = YES;
				INFOPLIST_KEY_UIApplicationSceneManifest_Generation = YES;
				INFOPLIST_KEY_UIApplicationSupportsIndirectInputEvents = YES;
				INFOPLIST_KEY_UILaunchScreen_Generation = YES;
				INFOPLIST_KEY_UILaunchStoryboardName = "Launch Screen.storyboard";
				INFOPLIST_KEY_UISupportedInterfaceOrientations_iPad = "UIInterfaceOrientationPortrait UIInterfaceOrientationPortraitUpsideDown UIInterfaceOrientationLandscapeLeft UIInterfaceOrientationLandscapeRight";
				INFOPLIST_KEY_UISupportedInterfaceOrientations_iPhone = "UIInterfaceOrientationPortrait UIInterfaceOrientationLandscapeLeft UIInterfaceOrientationLandscapeRight";
				IPHONEOS_DEPLOYMENT_TARGET = 15.5;
				LD_RUNPATH_SEARCH_PATHS = (
					"$(inherited)",
					"@executable_path/Frameworks",
				);
				MARKETING_VERSION = 1.0;
				PRODUCT_BUNDLE_IDENTIFIER = AHR.MoviesClub;
				PRODUCT_NAME = "$(TARGET_NAME)";
				SWIFT_EMIT_LOC_STRINGS = YES;
				SWIFT_VERSION = 5.0;
				TARGETED_DEVICE_FAMILY = "1,2";
			};
			name = Debug;
		};
		8BD3473E2C7A7EB000E922DD /* Release */ = {
			isa = XCBuildConfiguration;
			buildSettings = {
				ASSETCATALOG_COMPILER_APPICON_NAME = AppIcon;
				ASSETCATALOG_COMPILER_GLOBAL_ACCENT_COLOR_NAME = AccentColor;
				CODE_SIGN_STYLE = Automatic;
				CURRENT_PROJECT_VERSION = 1;
				DEVELOPMENT_ASSET_PATHS = "\"MoviesClub/Preview Content\"";
				DEVELOPMENT_TEAM = 9N9VA4HG3J;
				ENABLE_PREVIEWS = YES;
				GENERATE_INFOPLIST_FILE = YES;
				INFOPLIST_KEY_UIApplicationSceneManifest_Generation = YES;
				INFOPLIST_KEY_UIApplicationSupportsIndirectInputEvents = YES;
				INFOPLIST_KEY_UILaunchScreen_Generation = YES;
				INFOPLIST_KEY_UILaunchStoryboardName = "Launch Screen.storyboard";
				INFOPLIST_KEY_UISupportedInterfaceOrientations_iPad = "UIInterfaceOrientationPortrait UIInterfaceOrientationPortraitUpsideDown UIInterfaceOrientationLandscapeLeft UIInterfaceOrientationLandscapeRight";
				INFOPLIST_KEY_UISupportedInterfaceOrientations_iPhone = "UIInterfaceOrientationPortrait UIInterfaceOrientationLandscapeLeft UIInterfaceOrientationLandscapeRight";
				IPHONEOS_DEPLOYMENT_TARGET = 15.5;
				LD_RUNPATH_SEARCH_PATHS = (
					"$(inherited)",
					"@executable_path/Frameworks",
				);
				MARKETING_VERSION = 1.0;
				PRODUCT_BUNDLE_IDENTIFIER = AHR.MoviesClub;
				PRODUCT_NAME = "$(TARGET_NAME)";
				SWIFT_EMIT_LOC_STRINGS = YES;
				SWIFT_VERSION = 5.0;
				TARGETED_DEVICE_FAMILY = "1,2";
			};
			name = Release;
		};
/* End XCBuildConfiguration section */

/* Begin XCConfigurationList section */
		8BD347242C7A7EAD00E922DD /* Build configuration list for PBXProject "MoviesClub" */ = {
			isa = XCConfigurationList;
			buildConfigurations = (
				8BD3473A2C7A7EB000E922DD /* Debug */,
				8BD3473B2C7A7EB000E922DD /* Release */,
			);
			defaultConfigurationIsVisible = 0;
			defaultConfigurationName = Release;
		};
		8BD3473C2C7A7EB000E922DD /* Build configuration list for PBXNativeTarget "MoviesClub" */ = {
			isa = XCConfigurationList;
			buildConfigurations = (
				8BD3473D2C7A7EB000E922DD /* Debug */,
				8BD3473E2C7A7EB000E922DD /* Release */,
			);
			defaultConfigurationIsVisible = 0;
			defaultConfigurationName = Release;
		};
/* End XCConfigurationList section */

/* Begin XCVersionGroup section */
		8BD347372C7A7EB000E922DD /* MoviesClub.xcdatamodeld */ = {
			isa = XCVersionGroup;
			children = (
				8BD347382C7A7EB000E922DD /* MoviesClub.xcdatamodel */,
			);
			currentVersion = 8BD347382C7A7EB000E922DD /* MoviesClub.xcdatamodel */;
			path = MoviesClub.xcdatamodeld;
			sourceTree = "<group>";
			versionGroupType = wrapper.xcdatamodel;
		};
/* End XCVersionGroup section */
	};
	rootObject = 8BD347212C7A7EAD00E922DD /* Project object */;
}
