// !$*UTF8*$!
{
	archiveVersion = 1;
	classes = {
	};
	objectVersion = 56;
	objects = {

/* Begin PBXBuildFile section */
		8BD3472D2C7A7EAD00E922DD /* MoviesClubApp.swift in Sources */ = {isa = PBXBuildFile; fileRef = 8BD3472C2C7A7EAD00E922DD /* MoviesClubApp.swift */; };
		8BD3472F2C7A7EAD00E922DD /* ContentView.swift in Sources */ = {isa = PBXBuildFile; fileRef = 8BD3472E2C7A7EAD00E922DD /* ContentView.swift */; };
		8BD347312C7A7EAF00E922DD /* Assets.xcassets in Resources */ = {isa = PBXBuildFile; fileRef = 8BD347302C7A7EAF00E922DD /* Assets.xcassets */; };
		8BD347342C7A7EB000E922DD /* Preview Assets.xcassets in Resources */ = {isa = PBXBuildFile; fileRef = 8BD347332C7A7EB000E922DD /* Preview Assets.xcassets */; };
		8BD347362C7A7EB000E922DD /* Persistence.swift in Sources */ = {isa = PBXBuildFile; fileRef = 8BD347352C7A7EB000E922DD /* Persistence.swift */; };
		8BD347392C7A7EB000E922DD /* MoviesClub.xcdatamodeld in Sources */ = {isa = PBXBuildFile; fileRef = 8BD347372C7A7EB000E922DD /* MoviesClub.xcdatamodeld */; };
		8BD347412C7A81BA00E922DD /* Movies.swift in Sources */ = {isa = PBXBuildFile; fileRef = 8BD347402C7A81BA00E922DD /* Movies.swift */; };
		8BD347432C7A81D500E922DD /* Movie.swift in Sources */ = {isa = PBXBuildFile; fileRef = 8BD347422C7A81D500E922DD /* Movie.swift */; };
		8BD347452C7A81F500E922DD /* MovieDetail.swift in Sources */ = {isa = PBXBuildFile; fileRef = 8BD347442C7A81F500E922DD /* MovieDetail.swift */; };
		8BD347472C7A821100E922DD /* Genre.swift in Sources */ = {isa = PBXBuildFile; fileRef = 8BD347462C7A821100E922DD /* Genre.swift */; };
		8BD3474A2C7A842400E922DD /* MovieEndpoint.swift in Sources */ = {isa = PBXBuildFile; fileRef = 8BD347492C7A842400E922DD /* MovieEndpoint.swift */; };
		8BD3474C2C7A850900E922DD /* MovieURL.swift in Sources */ = {isa = PBXBuildFile; fileRef = 8BD3474B2C7A850900E922DD /* MovieURL.swift */; };
		8BD3474E2C7A869000E922DD /* GenericNetworkService.swift in Sources */ = {isa = PBXBuildFile; fileRef = 8BD3474D2C7A869000E922DD /* GenericNetworkService.swift */; };
		8BD347512C7A880200E922DD /* CSError.swift in Sources */ = {isa = PBXBuildFile; fileRef = 8BD347502C7A880200E922DD /* CSError.swift */; };
		8BD347532C7A88A000E922DD /* MovieNetwork.swift in Sources */ = {isa = PBXBuildFile; fileRef = 8BD347522C7A88A000E922DD /* MovieNetwork.swift */; };
		8BEAEA632C7E126400C69A5C /* PosterView.swift in Sources */ = {isa = PBXBuildFile; fileRef = 8BEAEA622C7E126400C69A5C /* PosterView.swift */; };
		8BEAEA652C7E12EE00C69A5C /* RateView.swift in Sources */ = {isa = PBXBuildFile; fileRef = 8BEAEA642C7E12EE00C69A5C /* RateView.swift */; };
		8BEAEA672C7E139300C69A5C /* DetailsHeader.swift in Sources */ = {isa = PBXBuildFile; fileRef = 8BEAEA662C7E139300C69A5C /* DetailsHeader.swift */; };
		8BEAEA692C7E142500C69A5C /* DescriptionView.swift in Sources */ = {isa = PBXBuildFile; fileRef = 8BEAEA682C7E142500C69A5C /* DescriptionView.swift */; };
		8BEAEA6B2C7E145800C69A5C /* SubTitleView.swift in Sources */ = {isa = PBXBuildFile; fileRef = 8BEAEA6A2C7E145800C69A5C /* SubTitleView.swift */; };
		8BEAEA6D2C7E14D100C69A5C /* CastListItem.swift in Sources */ = {isa = PBXBuildFile; fileRef = 8BEAEA6C2C7E14D100C69A5C /* CastListItem.swift */; };
		8BEAEA6F2C7E152D00C69A5C /* CastsList.swift in Sources */ = {isa = PBXBuildFile; fileRef = 8BEAEA6E2C7E152D00C69A5C /* CastsList.swift */; };
/* End PBXBuildFile section */

/* Begin PBXFileReference section */
		8BD347292C7A7EAD00E922DD /* MoviesClub.app */ = {isa = PBXFileReference; explicitFileType = wrapper.application; includeInIndex = 0; path = MoviesClub.app; sourceTree = BUILT_PRODUCTS_DIR; };
		8BD3472C2C7A7EAD00E922DD /* MoviesClubApp.swift */ = {isa = PBXFileReference; lastKnownFileType = sourcecode.swift; path = MoviesClubApp.swift; sourceTree = "<group>"; };
		8BD3472E2C7A7EAD00E922DD /* ContentView.swift */ = {isa = PBXFileReference; lastKnownFileType = sourcecode.swift; path = ContentView.swift; sourceTree = "<group>"; };
		8BD347302C7A7EAF00E922DD /* Assets.xcassets */ = {isa = PBXFileReference; lastKnownFileType = folder.assetcatalog; path = Assets.xcassets; sourceTree = "<group>"; };
		8BD347332C7A7EB000E922DD /* Preview Assets.xcassets */ = {isa = PBXFileReference; lastKnownFileType = folder.assetcatalog; path = "Preview Assets.xcassets"; sourceTree = "<group>"; };
		8BD347352C7A7EB000E922DD /* Persistence.swift */ = {isa = PBXFileReference; lastKnownFileType = sourcecode.swift; path = Persistence.swift; sourceTree = "<group>"; };
		8BD347382C7A7EB000E922DD /* MoviesClub.xcdatamodel */ = {isa = PBXFileReference; lastKnownFileType = wrapper.xcdatamodel; path = MoviesClub.xcdatamodel; sourceTree = "<group>"; };
		8BD347402C7A81BA00E922DD /* Movies.swift */ = {isa = PBXFileReference; lastKnownFileType = sourcecode.swift; path = Movies.swift; sourceTree = "<group>"; };
		8BD347422C7A81D500E922DD /* Movie.swift */ = {isa = PBXFileReference; lastKnownFileType = sourcecode.swift; path = Movie.swift; sourceTree = "<group>"; };
		8BD347442C7A81F500E922DD /* MovieDetail.swift */ = {isa = PBXFileReference; lastKnownFileType = sourcecode.swift; path = MovieDetail.swift; sourceTree = "<group>"; };
		8BD347462C7A821100E922DD /* Genre.swift */ = {isa = PBXFileReference; lastKnownFileType = sourcecode.swift; path = Genre.swift; sourceTree = "<group>"; };
		8BD347492C7A842400E922DD /* MovieEndpoint.swift */ = {isa = PBXFileReference; lastKnownFileType = sourcecode.swift; path = MovieEndpoint.swift; sourceTree = "<group>"; };
		8BD3474B2C7A850900E922DD /* MovieURL.swift */ = {isa = PBXFileReference; lastKnownFileType = sourcecode.swift; path = MovieURL.swift; sourceTree = "<group>"; };
		8BD3474D2C7A869000E922DD /* GenericNetworkService.swift */ = {isa = PBXFileReference; lastKnownFileType = sourcecode.swift; path = GenericNetworkService.swift; sourceTree = "<group>"; };
		8BD347502C7A880200E922DD /* CSError.swift */ = {isa = PBXFileReference; lastKnownFileType = sourcecode.swift; path = CSError.swift; sourceTree = "<group>"; };
		8BD347522C7A88A000E922DD /* MovieNetwork.swift */ = {isa = PBXFileReference; lastKnownFileType = sourcecode.swift; path = MovieNetwork.swift; sourceTree = "<group>"; };
		8BEAEA622C7E126400C69A5C /* PosterView.swift */ = {isa = PBXFileReference; lastKnownFileType = sourcecode.swift; path = PosterView.swift; sourceTree = "<group>"; };
		8BEAEA642C7E12EE00C69A5C /* RateView.swift */ = {isa = PBXFileReference; lastKnownFileType = sourcecode.swift; path = RateView.swift; sourceTree = "<group>"; };
		8BEAEA662C7E139300C69A5C /* DetailsHeader.swift */ = {isa = PBXFileReference; lastKnownFileType = sourcecode.swift; path = DetailsHeader.swift; sourceTree = "<group>"; };
		8BEAEA682C7E142500C69A5C /* DescriptionView.swift */ = {isa = PBXFileReference; lastKnownFileType = sourcecode.swift; path = DescriptionView.swift; sourceTree = "<group>"; };
		8BEAEA6A2C7E145800C69A5C /* SubTitleView.swift */ = {isa = PBXFileReference; lastKnownFileType = sourcecode.swift; path = SubTitleView.swift; sourceTree = "<group>"; };
		8BEAEA6C2C7E14D100C69A5C /* CastListItem.swift */ = {isa = PBXFileReference; lastKnownFileType = sourcecode.swift; path = CastListItem.swift; sourceTree = "<group>"; };
		8BEAEA6E2C7E152D00C69A5C /* CastsList.swift */ = {isa = PBXFileReference; lastKnownFileType = sourcecode.swift; path = CastsList.swift; sourceTree = "<group>"; };
/* End PBXFileReference section */

/* Begin PBXFrameworksBuildPhase section */
		8BD347262C7A7EAD00E922DD /* Frameworks */ = {
			isa = PBXFrameworksBuildPhase;
			buildActionMask = 2147483647;
			files = (
			);
			runOnlyForDeploymentPostprocessing = 0;
		};
/* End PBXFrameworksBuildPhase section */

/* Begin PBXGroup section */
		8BD347202C7A7EAD00E922DD = {
			isa = PBXGroup;
			children = (
				8BD3472B2C7A7EAD00E922DD /* MoviesClub */,
				8BD3472A2C7A7EAD00E922DD /* Products */,
			);
			sourceTree = "<group>";
		};
		8BD3472A2C7A7EAD00E922DD /* Products */ = {
			isa = PBXGroup;
			children = (
				8BD347292C7A7EAD00E922DD /* MoviesClub.app */,
			);
			name = Products;
			sourceTree = "<group>";
		};
		8BD3472B2C7A7EAD00E922DD /* MoviesClub */ = {
			isa = PBXGroup;
			children = (
				8BEAEA5F2C7E120500C69A5C /* MovieDetail */,
				8BD3474F2C7A87E000E922DD /* Utilities */,
				8BD347482C7A83FD00E922DD /* Networking */,
				8BD3473F2C7A816E00E922DD /* Model */,
				8BD3472C2C7A7EAD00E922DD /* MoviesClubApp.swift */,
				8BD3472E2C7A7EAD00E922DD /* ContentView.swift */,
				8BD347302C7A7EAF00E922DD /* Assets.xcassets */,
				8BD347352C7A7EB000E922DD /* Persistence.swift */,
				8BD347372C7A7EB000E922DD /* MoviesClub.xcdatamodeld */,
				8BD347322C7A7EB000E922DD /* Preview Content */,
			);
			path = MoviesClub;
			sourceTree = "<group>";
		};
		8BD347322C7A7EB000E922DD /* Preview Content */ = {
			isa = PBXGroup;
			children = (
				8BD347332C7A7EB000E922DD /* Preview Assets.xcassets */,
			);
			path = "Preview Content";
			sourceTree = "<group>";
		};
		8BD3473F2C7A816E00E922DD /* Model */ = {
			isa = PBXGroup;
			children = (
				8BD347402C7A81BA00E922DD /* Movies.swift */,
				8BD347422C7A81D500E922DD /* Movie.swift */,
				8BD347442C7A81F500E922DD /* MovieDetail.swift */,
				8BD347462C7A821100E922DD /* Genre.swift */,
			);
			path = Model;
			sourceTree = "<group>";
		};
		8BD347482C7A83FD00E922DD /* Networking */ = {
			isa = PBXGroup;
			children = (
				8BD347492C7A842400E922DD /* MovieEndpoint.swift */,
				8BD3474B2C7A850900E922DD /* MovieURL.swift */,
				8BD3474D2C7A869000E922DD /* GenericNetworkService.swift */,
				8BD347522C7A88A000E922DD /* MovieNetwork.swift */,
			);
			path = Networking;
			sourceTree = "<group>";
		};
		8BD3474F2C7A87E000E922DD /* Utilities */ = {
			isa = PBXGroup;
			children = (
				8BD347502C7A880200E922DD /* CSError.swift */,
			);
			path = Utilities;
			sourceTree = "<group>";
		};
		8BEAEA5F2C7E120500C69A5C /* MovieDetail */ = {
			isa = PBXGroup;
			children = (
				8BEAEA612C7E121800C69A5C /* Handler */,
				8BEAEA602C7E121000C69A5C /* View */,
			);
			path = MovieDetail;
			sourceTree = "<group>";
		};
		8BEAEA602C7E121000C69A5C /* View */ = {
			isa = PBXGroup;
			children = (
				8BEAEA622C7E126400C69A5C /* PosterView.swift */,
				8BEAEA642C7E12EE00C69A5C /* RateView.swift */,
				8BEAEA662C7E139300C69A5C /* DetailsHeader.swift */,
				8BEAEA682C7E142500C69A5C /* DescriptionView.swift */,
				8BEAEA6A2C7E145800C69A5C /* SubTitleView.swift */,
				8BEAEA6C2C7E14D100C69A5C /* CastListItem.swift */,
				8BEAEA6E2C7E152D00C69A5C /* CastsList.swift */,
			);
			path = View;
			sourceTree = "<group>";
		};
		8BEAEA612C7E121800C69A5C /* Handler */ = {
			isa = PBXGroup;
			children = (
			);
			path = Handler;
			sourceTree = "<group>";
		};
/* End PBXGroup section */

/* Begin PBXNativeTarget section */
		8BD347282C7A7EAD00E922DD /* MoviesClub */ = {
			isa = PBXNativeTarget;
			buildConfigurationList = 8BD3473C2C7A7EB000E922DD /* Build configuration list for PBXNativeTarget "MoviesClub" */;
			buildPhases = (
				8BD347252C7A7EAD00E922DD /* Sources */,
				8BD347262C7A7EAD00E922DD /* Frameworks */,
				8BD347272C7A7EAD00E922DD /* Resources */,
			);
			buildRules = (
			);
			dependencies = (
			);
			name = MoviesClub;
			productName = MoviesClub;
			productReference = 8BD347292C7A7EAD00E922DD /* MoviesClub.app */;
			productType = "com.apple.product-type.application";
		};
/* End PBXNativeTarget section */

/* Begin PBXProject section */
		8BD347212C7A7EAD00E922DD /* Project object */ = {
			isa = PBXProject;
			attributes = {
				BuildIndependentTargetsInParallel = 1;
				LastSwiftUpdateCheck = 1530;
				LastUpgradeCheck = 1530;
				TargetAttributes = {
					8BD347282C7A7EAD00E922DD = {
						CreatedOnToolsVersion = 15.3;
					};
				};
			};
			buildConfigurationList = 8BD347242C7A7EAD00E922DD /* Build configuration list for PBXProject "MoviesClub" */;
			compatibilityVersion = "Xcode 14.0";
			developmentRegion = en;
			hasScannedForEncodings = 0;
			knownRegions = (
				en,
				Base,
			);
			mainGroup = 8BD347202C7A7EAD00E922DD;
			productRefGroup = 8BD3472A2C7A7EAD00E922DD /* Products */;
			projectDirPath = "";
			projectRoot = "";
			targets = (
				8BD347282C7A7EAD00E922DD /* MoviesClub */,
			);
		};
/* End PBXProject section */

/* Begin PBXResourcesBuildPhase section */
		8BD347272C7A7EAD00E922DD /* Resources */ = {
			isa = PBXResourcesBuildPhase;
			buildActionMask = 2147483647;
			files = (
				8BD347342C7A7EB000E922DD /* Preview Assets.xcassets in Resources */,
				8BD347312C7A7EAF00E922DD /* Assets.xcassets in Resources */,
			);
			runOnlyForDeploymentPostprocessing = 0;
		};
/* End PBXResourcesBuildPhase section */

/* Begin PBXSourcesBuildPhase section */
		8BD347252C7A7EAD00E922DD /* Sources */ = {
			isa = PBXSourcesBuildPhase;
			buildActionMask = 2147483647;
			files = (
				8BD347412C7A81BA00E922DD /* Movies.swift in Sources */,
				8BD347452C7A81F500E922DD /* MovieDetail.swift in Sources */,
				8BEAEA6B2C7E145800C69A5C /* SubTitleView.swift in Sources */,
				8BD3474E2C7A869000E922DD /* GenericNetworkService.swift in Sources */,
				8BD347392C7A7EB000E922DD /* MoviesClub.xcdatamodeld in Sources */,
				8BD347512C7A880200E922DD /* CSError.swift in Sources */,
				8BEAEA632C7E126400C69A5C /* PosterView.swift in Sources */,
				8BD347432C7A81D500E922DD /* Movie.swift in Sources */,
				8BD347362C7A7EB000E922DD /* Persistence.swift in Sources */,
				8BD3472F2C7A7EAD00E922DD /* ContentView.swift in Sources */,
				8BD3474C2C7A850900E922DD /* MovieURL.swift in Sources */,
				8BD3472D2C7A7EAD00E922DD /* MoviesClubApp.swift in Sources */,
				8BEAEA652C7E12EE00C69A5C /* RateView.swift in Sources */,
				8BD347472C7A821100E922DD /* Genre.swift in Sources */,
				8BEAEA672C7E139300C69A5C /* DetailsHeader.swift in Sources */,
				8BEAEA692C7E142500C69A5C /* DescriptionView.swift in Sources */,
				8BEAEA6F2C7E152D00C69A5C /* CastsList.swift in Sources */,
				8BD347532C7A88A000E922DD /* MovieNetwork.swift in Sources */,
				8BEAEA6D2C7E14D100C69A5C /* CastListItem.swift in Sources */,
				8BD3474A2C7A842400E922DD /* MovieEndpoint.swift in Sources */,
			);
			runOnlyForDeploymentPostprocessing = 0;
		};
/* End PBXSourcesBuildPhase section */

/* Begin XCBuildConfiguration section */
		8BD3473A2C7A7EB000E922DD /* Debug */ = {
			isa = XCBuildConfiguration;
			buildSettings = {
				ALWAYS_SEARCH_USER_PATHS = NO;
				ASSETCATALOG_COMPILER_GENERATE_SWIFT_ASSET_SYMBOL_EXTENSIONS = YES;
				CLANG_ANALYZER_NONNULL = YES;
				CLANG_ANALYZER_NUMBER_OBJECT_CONVERSION = YES_AGGRESSIVE;
				CLANG_CXX_LANGUAGE_STANDARD = "gnu++20";
				CLANG_ENABLE_MODULES = YES;
				CLANG_ENABLE_OBJC_ARC = YES;
				CLANG_ENABLE_OBJC_WEAK = YES;
				CLANG_WARN_BLOCK_CAPTURE_AUTORELEASING = YES;
				CLANG_WARN_BOOL_CONVERSION = YES;
				CLANG_WARN_COMMA = YES;
				CLANG_WARN_CONSTANT_CONVERSION = YES;
				CLANG_WARN_DEPRECATED_OBJC_IMPLEMENTATIONS = YES;
				CLANG_WARN_DIRECT_OBJC_ISA_USAGE = YES_ERROR;
				CLANG_WARN_DOCUMENTATION_COMMENTS = YES;
				CLANG_WARN_EMPTY_BODY = YES;
				CLANG_WARN_ENUM_CONVERSION = YES;
				CLANG_WARN_INFINITE_RECURSION = YES;
				CLANG_WARN_INT_CONVERSION = YES;
				CLANG_WARN_NON_LITERAL_NULL_CONVERSION = YES;
				CLANG_WARN_OBJC_IMPLICIT_RETAIN_SELF = YES;
				CLANG_WARN_OBJC_LITERAL_CONVERSION = YES;
				CLANG_WARN_OBJC_ROOT_CLASS = YES_ERROR;
				CLANG_WARN_QUOTED_INCLUDE_IN_FRAMEWORK_HEADER = YES;
				CLANG_WARN_RANGE_LOOP_ANALYSIS = YES;
				CLANG_WARN_STRICT_PROTOTYPES = YES;
				CLANG_WARN_SUSPICIOUS_MOVE = YES;
				CLANG_WARN_UNGUARDED_AVAILABILITY = YES_AGGRESSIVE;
				CLANG_WARN_UNREACHABLE_CODE = YES;
				CLANG_WARN__DUPLICATE_METHOD_MATCH = YES;
				COPY_PHASE_STRIP = NO;
				DEBUG_INFORMATION_FORMAT = dwarf;
				ENABLE_STRICT_OBJC_MSGSEND = YES;
				ENABLE_TESTABILITY = YES;
				ENABLE_USER_SCRIPT_SANDBOXING = YES;
				GCC_C_LANGUAGE_STANDARD = gnu17;
				GCC_DYNAMIC_NO_PIC = NO;
				GCC_NO_COMMON_BLOCKS = YES;
				GCC_OPTIMIZATION_LEVEL = 0;
				GCC_PREPROCESSOR_DEFINITIONS = (
					"DEBUG=1",
					"$(inherited)",
				);
				GCC_WARN_64_TO_32_BIT_CONVERSION = YES;
				GCC_WARN_ABOUT_RETURN_TYPE = YES_ERROR;
				GCC_WARN_UNDECLARED_SELECTOR = YES;
				GCC_WARN_UNINITIALIZED_AUTOS = YES_AGGRESSIVE;
				GCC_WARN_UNUSED_FUNCTION = YES;
				GCC_WARN_UNUSED_VARIABLE = YES;
				IPHONEOS_DEPLOYMENT_TARGET = 17.4;
				LOCALIZATION_PREFERS_STRING_CATALOGS = YES;
				MTL_ENABLE_DEBUG_INFO = INCLUDE_SOURCE;
				MTL_FAST_MATH = YES;
				ONLY_ACTIVE_ARCH = YES;
				SDKROOT = iphoneos;
				SWIFT_ACTIVE_COMPILATION_CONDITIONS = "DEBUG $(inherited)";
				SWIFT_OPTIMIZATION_LEVEL = "-Onone";
			};
			name = Debug;
		};
		8BD3473B2C7A7EB000E922DD /* Release */ = {
			isa = XCBuildConfiguration;
			buildSettings = {
				ALWAYS_SEARCH_USER_PATHS = NO;
				ASSETCATALOG_COMPILER_GENERATE_SWIFT_ASSET_SYMBOL_EXTENSIONS = YES;
				CLANG_ANALYZER_NONNULL = YES;
				CLANG_ANALYZER_NUMBER_OBJECT_CONVERSION = YES_AGGRESSIVE;
				CLANG_CXX_LANGUAGE_STANDARD = "gnu++20";
				CLANG_ENABLE_MODULES = YES;
				CLANG_ENABLE_OBJC_ARC = YES;
				CLANG_ENABLE_OBJC_WEAK = YES;
				CLANG_WARN_BLOCK_CAPTURE_AUTORELEASING = YES;
				CLANG_WARN_BOOL_CONVERSION = YES;
				CLANG_WARN_COMMA = YES;
				CLANG_WARN_CONSTANT_CONVERSION = YES;
				CLANG_WARN_DEPRECATED_OBJC_IMPLEMENTATIONS = YES;
				CLANG_WARN_DIRECT_OBJC_ISA_USAGE = YES_ERROR;
				CLANG_WARN_DOCUMENTATION_COMMENTS = YES;
				CLANG_WARN_EMPTY_BODY = YES;
				CLANG_WARN_ENUM_CONVERSION = YES;
				CLANG_WARN_INFINITE_RECURSION = YES;
				CLANG_WARN_INT_CONVERSION = YES;
				CLANG_WARN_NON_LITERAL_NULL_CONVERSION = YES;
				CLANG_WARN_OBJC_IMPLICIT_RETAIN_SELF = YES;
				CLANG_WARN_OBJC_LITERAL_CONVERSION = YES;
				CLANG_WARN_OBJC_ROOT_CLASS = YES_ERROR;
				CLANG_WARN_QUOTED_INCLUDE_IN_FRAMEWORK_HEADER = YES;
				CLANG_WARN_RANGE_LOOP_ANALYSIS = YES;
				CLANG_WARN_STRICT_PROTOTYPES = YES;
				CLANG_WARN_SUSPICIOUS_MOVE = YES;
				CLANG_WARN_UNGUARDED_AVAILABILITY = YES_AGGRESSIVE;
				CLANG_WARN_UNREACHABLE_CODE = YES;
				CLANG_WARN__DUPLICATE_METHOD_MATCH = YES;
				COPY_PHASE_STRIP = NO;
				DEBUG_INFORMATION_FORMAT = "dwarf-with-dsym";
				ENABLE_NS_ASSERTIONS = NO;
				ENABLE_STRICT_OBJC_MSGSEND = YES;
				ENABLE_USER_SCRIPT_SANDBOXING = YES;
				GCC_C_LANGUAGE_STANDARD = gnu17;
				GCC_NO_COMMON_BLOCKS = YES;
				GCC_WARN_64_TO_32_BIT_CONVERSION = YES;
				GCC_WARN_ABOUT_RETURN_TYPE = YES_ERROR;
				GCC_WARN_UNDECLARED_SELECTOR = YES;
				GCC_WARN_UNINITIALIZED_AUTOS = YES_AGGRESSIVE;
				GCC_WARN_UNUSED_FUNCTION = YES;
				GCC_WARN_UNUSED_VARIABLE = YES;
				IPHONEOS_DEPLOYMENT_TARGET = 17.4;
				LOCALIZATION_PREFERS_STRING_CATALOGS = YES;
				MTL_ENABLE_DEBUG_INFO = NO;
				MTL_FAST_MATH = YES;
				SDKROOT = iphoneos;
				SWIFT_COMPILATION_MODE = wholemodule;
				VALIDATE_PRODUCT = YES;
			};
			name = Release;
		};
		8BD3473D2C7A7EB000E922DD /* Debug */ = {
			isa = XCBuildConfiguration;
			buildSettings = {
				ASSETCATALOG_COMPILER_APPICON_NAME = AppIcon;
				ASSETCATALOG_COMPILER_GLOBAL_ACCENT_COLOR_NAME = AccentColor;
				CODE_SIGN_STYLE = Automatic;
				CURRENT_PROJECT_VERSION = 1;
				DEVELOPMENT_ASSET_PATHS = "\"MoviesClub/Preview Content\"";
				ENABLE_PREVIEWS = YES;
				GENERATE_INFOPLIST_FILE = YES;
				INFOPLIST_KEY_UIApplicationSceneManifest_Generation = YES;
				INFOPLIST_KEY_UIApplicationSupportsIndirectInputEvents = YES;
				INFOPLIST_KEY_UILaunchScreen_Generation = YES;
				INFOPLIST_KEY_UISupportedInterfaceOrientations_iPad = "UIInterfaceOrientationPortrait UIInterfaceOrientationPortraitUpsideDown UIInterfaceOrientationLandscapeLeft UIInterfaceOrientationLandscapeRight";
				INFOPLIST_KEY_UISupportedInterfaceOrientations_iPhone = "UIInterfaceOrientationPortrait UIInterfaceOrientationLandscapeLeft UIInterfaceOrientationLandscapeRight";
				LD_RUNPATH_SEARCH_PATHS = (
					"$(inherited)",
					"@executable_path/Frameworks",
				);
				MARKETING_VERSION = 1.0;
				PRODUCT_BUNDLE_IDENTIFIER = AHR.MoviesClub;
				PRODUCT_NAME = "$(TARGET_NAME)";
				SWIFT_EMIT_LOC_STRINGS = YES;
				SWIFT_VERSION = 5.0;
				TARGETED_DEVICE_FAMILY = "1,2";
			};
			name = Debug;
		};
		8BD3473E2C7A7EB000E922DD /* Release */ = {
			isa = XCBuildConfiguration;
			buildSettings = {
				ASSETCATALOG_COMPILER_APPICON_NAME = AppIcon;
				ASSETCATALOG_COMPILER_GLOBAL_ACCENT_COLOR_NAME = AccentColor;
				CODE_SIGN_STYLE = Automatic;
				CURRENT_PROJECT_VERSION = 1;
				DEVELOPMENT_ASSET_PATHS = "\"MoviesClub/Preview Content\"";
				ENABLE_PREVIEWS = YES;
				GENERATE_INFOPLIST_FILE = YES;
				INFOPLIST_KEY_UIApplicationSceneManifest_Generation = YES;
				INFOPLIST_KEY_UIApplicationSupportsIndirectInputEvents = YES;
				INFOPLIST_KEY_UILaunchScreen_Generation = YES;
				INFOPLIST_KEY_UISupportedInterfaceOrientations_iPad = "UIInterfaceOrientationPortrait UIInterfaceOrientationPortraitUpsideDown UIInterfaceOrientationLandscapeLeft UIInterfaceOrientationLandscapeRight";
				INFOPLIST_KEY_UISupportedInterfaceOrientations_iPhone = "UIInterfaceOrientationPortrait UIInterfaceOrientationLandscapeLeft UIInterfaceOrientationLandscapeRight";
				LD_RUNPATH_SEARCH_PATHS = (
					"$(inherited)",
					"@executable_path/Frameworks",
				);
				MARKETING_VERSION = 1.0;
				PRODUCT_BUNDLE_IDENTIFIER = AHR.MoviesClub;
				PRODUCT_NAME = "$(TARGET_NAME)";
				SWIFT_EMIT_LOC_STRINGS = YES;
				SWIFT_VERSION = 5.0;
				TARGETED_DEVICE_FAMILY = "1,2";
			};
			name = Release;
		};
/* End XCBuildConfiguration section */

/* Begin XCConfigurationList section */
		8BD347242C7A7EAD00E922DD /* Build configuration list for PBXProject "MoviesClub" */ = {
			isa = XCConfigurationList;
			buildConfigurations = (
				8BD3473A2C7A7EB000E922DD /* Debug */,
				8BD3473B2C7A7EB000E922DD /* Release */,
			);
			defaultConfigurationIsVisible = 0;
			defaultConfigurationName = Release;
		};
		8BD3473C2C7A7EB000E922DD /* Build configuration list for PBXNativeTarget "MoviesClub" */ = {
			isa = XCConfigurationList;
			buildConfigurations = (
				8BD3473D2C7A7EB000E922DD /* Debug */,
				8BD3473E2C7A7EB000E922DD /* Release */,
			);
			defaultConfigurationIsVisible = 0;
			defaultConfigurationName = Release;
		};
/* End XCConfigurationList section */

/* Begin XCVersionGroup section */
		8BD347372C7A7EB000E922DD /* MoviesClub.xcdatamodeld */ = {
			isa = XCVersionGroup;
			children = (
				8BD347382C7A7EB000E922DD /* MoviesClub.xcdatamodel */,
			);
			currentVersion = 8BD347382C7A7EB000E922DD /* MoviesClub.xcdatamodel */;
			path = MoviesClub.xcdatamodeld;
			sourceTree = "<group>";
			versionGroupType = wrapper.xcdatamodel;
		};
/* End XCVersionGroup section */
	};
	rootObject = 8BD347212C7A7EAD00E922DD /* Project object */;
}
